
Microsoft Visual Studio Solution File, Format Version 12.00
# Visual Studio 14
VisualStudioVersion = 14.0.25420.1
MinimumVisualStudioVersion = 10.0.40219.1
Project("{FAE04EC0-301F-11D3-BF4B-00C04F79EFBC}") = "RepositorioDePuntoDeVentas", "RepositorioDePuntoDeVentas\RepositorioDePuntoDeVentas.csproj", "{DFD820C1-D220-4B05-8565-013F6A718158}"
EndProject
Project("{FAE04EC0-301F-11D3-BF4B-00C04F79EFBC}") = "Presentacion", "Presentacion\Presentacion.csproj", "{A516AE38-D6A1-441D-AD32-B296D559F1AF}"
EndProject
Global
	GlobalSection(SolutionConfigurationPlatforms) = preSolution
		Debug|Any CPU = Debug|Any CPU
		Release|Any CPU = Release|Any CPU
	EndGlobalSection
	GlobalSection(ProjectConfigurationPlatforms) = postSolution
		{DFD820C1-D220-4B05-8565-013F6A718158}.Debug|Any CPU.ActiveCfg = Debug|Any CPU
		{DFD820C1-D220-4B05-8565-013F6A718158}.Debug|Any CPU.Build.0 = Debug|Any CPU
		{DFD820C1-D220-4B05-8565-013F6A718158}.Release|Any CPU.ActiveCfg = Release|Any CPU
		{DFD820C1-D220-4B05-8565-013F6A718158}.Release|Any CPU.Build.0 = Release|Any CPU
		{A516AE38-D6A1-441D-AD32-B296D559F1AF}.Debug|Any CPU.ActiveCfg = Debug|Any CPU
		{A516AE38-D6A1-441D-AD32-B296D559F1AF}.Debug|Any CPU.Build.0 = Debug|Any CPU
		{A516AE38-D6A1-441D-AD32-B296D559F1AF}.Release|Any CPU.ActiveCfg = Release|Any CPU
		{A516AE38-D6A1-441D-AD32-B296D559F1AF}.Release|Any CPU.Build.0 = Release|Any CPU
	EndGlobalSection
	GlobalSection(SolutionProperties) = preSolution
		HideSolutionNode = FALSE
	EndGlobalSection
EndGlobal
